
Microsoft Visual Studio Solution File, Format Version 12.00
# Visual Studio Version 17
VisualStudioVersion = 17.4.33213.308
MinimumVisualStudioVersion = 10.0.40219.1
Project("{FAE04EC0-301F-11D3-BF4B-00C04F79EFBC}") = "CSharpVersion", "CSharpVersion.csproj", "{0B7E6D74-1610-482A-9D87-CD9DCF29F801}"
EndProject
Global
	GlobalSection(SolutionConfigurationPlatforms) = preSolution
		Debug|Any CPU = Debug|Any CPU
		Release|Any CPU = Release|Any CPU
	EndGlobalSection
	GlobalSection(ProjectConfigurationPlatforms) = postSolution
		{0B7E6D74-1610-482A-9D87-CD9DCF29F801}.Debug|Any CPU.ActiveCfg = Debug|Any CPU
		{0B7E6D74-1610-482A-9D87-CD9DCF29F801}.Debug|Any CPU.Build.0 = Debug|Any CPU
		{0B7E6D74-1610-482A-9D87-CD9DCF29F801}.Release|Any CPU.ActiveCfg = Release|Any CPU
		{0B7E6D74-1610-482A-9D87-CD9DCF29F801}.Release|Any CPU.Build.0 = Release|Any CPU
	EndGlobalSection
	GlobalSection(SolutionProperties) = preSolution
		HideSolutionNode = FALSE
	EndGlobalSection
	GlobalSection(ExtensibilityGlobals) = postSolution
		SolutionGuid = {DA3DF029-8B9C-49A2-A78B-2278229D570F}
	EndGlobalSection
EndGlobal
